
Microsoft Visual Studio Solution File, Format Version 12.00
# Visual Studio Version 17
VisualStudioVersion = 17.3.32901.215
MinimumVisualStudioVersion = 10.0.40219.1
Project("{2150E333-8FDC-42A3-9474-1A3956D46DE8}") = "data", "data", "{6F05A1B1-EC49-4DEF-B736-3110F806EE8B}"
EndProject
Project("{9A19103F-16F7-4668-BE54-9A1E7A4F7556}") = "Store.model", "Store.model\Store.model.csproj", "{FA455869-BF60-4322-A193-7A8B46AD2A26}"
EndProject
Project("{2150E333-8FDC-42A3-9474-1A3956D46DE8}") = "Service", "Service", "{8A8F8298-6BA2-4BB5-908D-9F38FEF216B8}"
EndProject
Project("{9A19103F-16F7-4668-BE54-9A1E7A4F7556}") = "Store.server", "Store.server\Store.server.csproj", "{88341898-1C4A-466A-BE3C-E92D8A556A98}"
EndProject
Project("{9A19103F-16F7-4668-BE54-9A1E7A4F7556}") = "Store.BL", "Store.BL\Store.BL.csproj", "{4F75F9F5-43C9-4C1D-87DD-28450CBFEE90}"
EndProject
Project("{9A19103F-16F7-4668-BE54-9A1E7A4F7556}") = "Store.Dal", "Store.Dal\Store.Dal.csproj", "{A4754062-2AC0-47AC-8499-80F3C73743ED}"
EndProject
Project("{2150E333-8FDC-42A3-9474-1A3956D46DE8}") = "Controller", "Controller", "{E13BE15D-F2CE-475A-8E06-6C9D0464C2E1}"
EndProject
Global
	GlobalSection(SolutionConfigurationPlatforms) = preSolution
		Debug|Any CPU = Debug|Any CPU
		Debug|ARM = Debug|ARM
		Debug|ARM64 = Debug|ARM64
		Debug|x64 = Debug|x64
		Debug|x86 = Debug|x86
		Release|Any CPU = Release|Any CPU
		Release|ARM = Release|ARM
		Release|ARM64 = Release|ARM64
		Release|x64 = Release|x64
		Release|x86 = Release|x86
	EndGlobalSection
	GlobalSection(ProjectConfigurationPlatforms) = postSolution
		{FA455869-BF60-4322-A193-7A8B46AD2A26}.Debug|Any CPU.ActiveCfg = Debug|Any CPU
		{FA455869-BF60-4322-A193-7A8B46AD2A26}.Debug|Any CPU.Build.0 = Debug|Any CPU
		{FA455869-BF60-4322-A193-7A8B46AD2A26}.Debug|ARM.ActiveCfg = Debug|Any CPU
		{FA455869-BF60-4322-A193-7A8B46AD2A26}.Debug|ARM.Build.0 = Debug|Any CPU
		{FA455869-BF60-4322-A193-7A8B46AD2A26}.Debug|ARM64.ActiveCfg = Debug|Any CPU
		{FA455869-BF60-4322-A193-7A8B46AD2A26}.Debug|ARM64.Build.0 = Debug|Any CPU
		{FA455869-BF60-4322-A193-7A8B46AD2A26}.Debug|x64.ActiveCfg = Debug|Any CPU
		{FA455869-BF60-4322-A193-7A8B46AD2A26}.Debug|x64.Build.0 = Debug|Any CPU
		{FA455869-BF60-4322-A193-7A8B46AD2A26}.Debug|x86.ActiveCfg = Debug|Any CPU
		{FA455869-BF60-4322-A193-7A8B46AD2A26}.Debug|x86.Build.0 = Debug|Any CPU
		{FA455869-BF60-4322-A193-7A8B46AD2A26}.Release|Any CPU.ActiveCfg = Release|Any CPU
		{FA455869-BF60-4322-A193-7A8B46AD2A26}.Release|Any CPU.Build.0 = Release|Any CPU
		{FA455869-BF60-4322-A193-7A8B46AD2A26}.Release|ARM.ActiveCfg = Release|Any CPU
		{FA455869-BF60-4322-A193-7A8B46AD2A26}.Release|ARM.Build.0 = Release|Any CPU
		{FA455869-BF60-4322-A193-7A8B46AD2A26}.Release|ARM64.ActiveCfg = Release|Any CPU
		{FA455869-BF60-4322-A193-7A8B46AD2A26}.Release|ARM64.Build.0 = Release|Any CPU
		{FA455869-BF60-4322-A193-7A8B46AD2A26}.Release|x64.ActiveCfg = Release|Any CPU
		{FA455869-BF60-4322-A193-7A8B46AD2A26}.Release|x64.Build.0 = Release|Any CPU
		{FA455869-BF60-4322-A193-7A8B46AD2A26}.Release|x86.ActiveCfg = Release|Any CPU
		{FA455869-BF60-4322-A193-7A8B46AD2A26}.Release|x86.Build.0 = Release|Any CPU
		{88341898-1C4A-466A-BE3C-E92D8A556A98}.Debug|Any CPU.ActiveCfg = Debug|Any CPU
		{88341898-1C4A-466A-BE3C-E92D8A556A98}.Debug|Any CPU.Build.0 = Debug|Any CPU
		{88341898-1C4A-466A-BE3C-E92D8A556A98}.Debug|ARM.ActiveCfg = Debug|Any CPU
		{88341898-1C4A-466A-BE3C-E92D8A556A98}.Debug|ARM.Build.0 = Debug|Any CPU
		{88341898-1C4A-466A-BE3C-E92D8A556A98}.Debug|ARM64.ActiveCfg = Debug|Any CPU
		{88341898-1C4A-466A-BE3C-E92D8A556A98}.Debug|ARM64.Build.0 = Debug|Any CPU
		{88341898-1C4A-466A-BE3C-E92D8A556A98}.Debug|x64.ActiveCfg = Debug|Any CPU
		{88341898-1C4A-466A-BE3C-E92D8A556A98}.Debug|x64.Build.0 = Debug|Any CPU
		{88341898-1C4A-466A-BE3C-E92D8A556A98}.Debug|x86.ActiveCfg = Debug|Any CPU
		{88341898-1C4A-466A-BE3C-E92D8A556A98}.Debug|x86.Build.0 = Debug|Any CPU
		{88341898-1C4A-466A-BE3C-E92D8A556A98}.Release|Any CPU.ActiveCfg = Release|Any CPU
		{88341898-1C4A-466A-BE3C-E92D8A556A98}.Release|Any CPU.Build.0 = Release|Any CPU
		{88341898-1C4A-466A-BE3C-E92D8A556A98}.Release|ARM.ActiveCfg = Release|Any CPU
		{88341898-1C4A-466A-BE3C-E92D8A556A98}.Release|ARM.Build.0 = Release|Any CPU
		{88341898-1C4A-466A-BE3C-E92D8A556A98}.Release|ARM64.ActiveCfg = Release|Any CPU
		{88341898-1C4A-466A-BE3C-E92D8A556A98}.Release|ARM64.Build.0 = Release|Any CPU
		{88341898-1C4A-466A-BE3C-E92D8A556A98}.Release|x64.ActiveCfg = Release|Any CPU
		{88341898-1C4A-466A-BE3C-E92D8A556A98}.Release|x64.Build.0 = Release|Any CPU
		{88341898-1C4A-466A-BE3C-E92D8A556A98}.Release|x86.ActiveCfg = Release|Any CPU
		{88341898-1C4A-466A-BE3C-E92D8A556A98}.Release|x86.Build.0 = Release|Any CPU
		{4F75F9F5-43C9-4C1D-87DD-28450CBFEE90}.Debug|Any CPU.ActiveCfg = Debug|Any CPU
		{4F75F9F5-43C9-4C1D-87DD-28450CBFEE90}.Debug|Any CPU.Build.0 = Debug|Any CPU
		{4F75F9F5-43C9-4C1D-87DD-28450CBFEE90}.Debug|ARM.ActiveCfg = Debug|Any CPU
		{4F75F9F5-43C9-4C1D-87DD-28450CBFEE90}.Debug|ARM.Build.0 = Debug|Any CPU
		{4F75F9F5-43C9-4C1D-87DD-28450CBFEE90}.Debug|ARM64.ActiveCfg = Debug|Any CPU
		{4F75F9F5-43C9-4C1D-87DD-28450CBFEE90}.Debug|ARM64.Build.0 = Debug|Any CPU
		{4F75F9F5-43C9-4C1D-87DD-28450CBFEE90}.Debug|x64.ActiveCfg = Debug|Any CPU
		{4F75F9F5-43C9-4C1D-87DD-28450CBFEE90}.Debug|x64.Build.0 = Debug|Any CPU
		{4F75F9F5-43C9-4C1D-87DD-28450CBFEE90}.Debug|x86.ActiveCfg = Debug|Any CPU
		{4F75F9F5-43C9-4C1D-87DD-28450CBFEE90}.Debug|x86.Build.0 = Debug|Any CPU
		{4F75F9F5-43C9-4C1D-87DD-28450CBFEE90}.Release|Any CPU.ActiveCfg = Release|Any CPU
		{4F75F9F5-43C9-4C1D-87DD-28450CBFEE90}.Release|Any CPU.Build.0 = Release|Any CPU
		{4F75F9F5-43C9-4C1D-87DD-28450CBFEE90}.Release|ARM.ActiveCfg = Release|Any CPU
		{4F75F9F5-43C9-4C1D-87DD-28450CBFEE90}.Release|ARM.Build.0 = Release|Any CPU
		{4F75F9F5-43C9-4C1D-87DD-28450CBFEE90}.Release|ARM64.ActiveCfg = Release|Any CPU
		{4F75F9F5-43C9-4C1D-87DD-28450CBFEE90}.Release|ARM64.Build.0 = Release|Any CPU
		{4F75F9F5-43C9-4C1D-87DD-28450CBFEE90}.Release|x64.ActiveCfg = Release|Any CPU
		{4F75F9F5-43C9-4C1D-87DD-28450CBFEE90}.Release|x64.Build.0 = Release|Any CPU
		{4F75F9F5-43C9-4C1D-87DD-28450CBFEE90}.Release|x86.ActiveCfg = Release|Any CPU
		{4F75F9F5-43C9-4C1D-87DD-28450CBFEE90}.Release|x86.Build.0 = Release|Any CPU
		{A4754062-2AC0-47AC-8499-80F3C73743ED}.Debug|Any CPU.ActiveCfg = Debug|Any CPU
		{A4754062-2AC0-47AC-8499-80F3C73743ED}.Debug|Any CPU.Build.0 = Debug|Any CPU
		{A4754062-2AC0-47AC-8499-80F3C73743ED}.Debug|ARM.ActiveCfg = Debug|Any CPU
		{A4754062-2AC0-47AC-8499-80F3C73743ED}.Debug|ARM.Build.0 = Debug|Any CPU
		{A4754062-2AC0-47AC-8499-80F3C73743ED}.Debug|ARM64.ActiveCfg = Debug|Any CPU
		{A4754062-2AC0-47AC-8499-80F3C73743ED}.Debug|ARM64.Build.0 = Debug|Any CPU
		{A4754062-2AC0-47AC-8499-80F3C73743ED}.Debug|x64.ActiveCfg = Debug|Any CPU
		{A4754062-2AC0-47AC-8499-80F3C73743ED}.Debug|x64.Build.0 = Debug|Any CPU
		{A4754062-2AC0-47AC-8499-80F3C73743ED}.Debug|x86.ActiveCfg = Debug|Any CPU
		{A4754062-2AC0-47AC-8499-80F3C73743ED}.Debug|x86.Build.0 = Debug|Any CPU
		{A4754062-2AC0-47AC-8499-80F3C73743ED}.Release|Any CPU.ActiveCfg = Release|Any CPU
		{A4754062-2AC0-47AC-8499-80F3C73743ED}.Release|Any CPU.Build.0 = Release|Any CPU
		{A4754062-2AC0-47AC-8499-80F3C73743ED}.Release|ARM.ActiveCfg = Release|Any CPU
		{A4754062-2AC0-47AC-8499-80F3C73743ED}.Release|ARM.Build.0 = Release|Any CPU
		{A4754062-2AC0-47AC-8499-80F3C73743ED}.Release|ARM64.ActiveCfg = Release|Any CPU
		{A4754062-2AC0-47AC-8499-80F3C73743ED}.Release|ARM64.Build.0 = Release|Any CPU
		{A4754062-2AC0-47AC-8499-80F3C73743ED}.Release|x64.ActiveCfg = Release|Any CPU
		{A4754062-2AC0-47AC-8499-80F3C73743ED}.Release|x64.Build.0 = Release|Any CPU
		{A4754062-2AC0-47AC-8499-80F3C73743ED}.Release|x86.ActiveCfg = Release|Any CPU
		{A4754062-2AC0-47AC-8499-80F3C73743ED}.Release|x86.Build.0 = Release|Any CPU
	EndGlobalSection
	GlobalSection(SolutionProperties) = preSolution
		HideSolutionNode = FALSE
	EndGlobalSection
	GlobalSection(NestedProjects) = preSolution
		{FA455869-BF60-4322-A193-7A8B46AD2A26} = {6F05A1B1-EC49-4DEF-B736-3110F806EE8B}
		{88341898-1C4A-466A-BE3C-E92D8A556A98} = {E13BE15D-F2CE-475A-8E06-6C9D0464C2E1}
		{4F75F9F5-43C9-4C1D-87DD-28450CBFEE90} = {8A8F8298-6BA2-4BB5-908D-9F38FEF216B8}
		{A4754062-2AC0-47AC-8499-80F3C73743ED} = {8A8F8298-6BA2-4BB5-908D-9F38FEF216B8}
	EndGlobalSection
	GlobalSection(ExtensibilityGlobals) = postSolution
		SolutionGuid = {713B4E5F-6CD8-4282-96A7-DB54E2233CFA}
	EndGlobalSection
EndGlobal
